
Microsoft Visual Studio Solution File, Format Version 12.00
# Visual Studio Version 17
VisualStudioVersion = 17.2.32516.85
MinimumVisualStudioVersion = 10.0.40219.1
Project("{FAE04EC0-301F-11D3-BF4B-00C04F79EFBC}") = "WebApplication7", "WebApplication7.csproj", "{4A81B13D-047B-421B-82E7-FED32EC2B9E0}"
EndProject
Global
	GlobalSection(SolutionConfigurationPlatforms) = preSolution
		Debug|Any CPU = Debug|Any CPU
		Release|Any CPU = Release|Any CPU
	EndGlobalSection
	GlobalSection(ProjectConfigurationPlatforms) = postSolution
		{4A81B13D-047B-421B-82E7-FED32EC2B9E0}.Debug|Any CPU.ActiveCfg = Debug|Any CPU
		{4A81B13D-047B-421B-82E7-FED32EC2B9E0}.Debug|Any CPU.Build.0 = Debug|Any CPU
		{4A81B13D-047B-421B-82E7-FED32EC2B9E0}.Release|Any CPU.ActiveCfg = Release|Any CPU
		{4A81B13D-047B-421B-82E7-FED32EC2B9E0}.Release|Any CPU.Build.0 = Release|Any CPU
	EndGlobalSection
	GlobalSection(SolutionProperties) = preSolution
		HideSolutionNode = FALSE
	EndGlobalSection
	GlobalSection(ExtensibilityGlobals) = postSolution
		SolutionGuid = {43EDCDF3-4C46-4C61-A266-D9963B849441}
	EndGlobalSection
EndGlobal
